Microsoft Visual Studio Solution File, Format Version 12.00
# Visual Studio Version 17
VisualStudioVersion = 17.5.2.0
MinimumVisualStudioVersion = 10.0.40219.1
Project("{FAE04EC0-301F-11D3-BF4B-00C04F79EFBC}") = "student-grades", "student-grades.csproj", "{CADB4A55-B892-6CC3-052F-760985365341}"
EndProject
Global
	GlobalSection(SolutionConfigurationPlatforms) = preSolution
		Debug|Any CPU = Debug|Any CPU
		Release|Any CPU = Release|Any CPU
	EndGlobalSection
	GlobalSection(ProjectConfigurationPlatforms) = postSolution
		{CADB4A55-B892-6CC3-052F-760985365341}.Debug|Any CPU.ActiveCfg = Debug|Any CPU
		{CADB4A55-B892-6CC3-052F-760985365341}.Debug|Any CPU.Build.0 = Debug|Any CPU
		{CADB4A55-B892-6CC3-052F-760985365341}.Release|Any CPU.ActiveCfg = Release|Any CPU
		{CADB4A55-B892-6CC3-052F-760985365341}.Release|Any CPU.Build.0 = Release|Any CPU
	EndGlobalSection
	GlobalSection(SolutionProperties) = preSolution
		HideSolutionNode = FALSE
	EndGlobalSection
	GlobalSection(ExtensibilityGlobals) = postSolution
		SolutionGuid = {76D491A8-2211-45D5-A949-62750427FA71}
	EndGlobalSection
EndGlobal
